
Microsoft Visual Studio Solution File, Format Version 12.00
# Visual Studio Version 17
VisualStudioVersion = 17.3.32825.248
MinimumVisualStudioVersion = 10.0.40219.1
Project("{8BC9CEB8-8B4A-11D0-8D11-00A0C91BC942}") = "2022.09.12-Lesson-1", "2022.09.12-Lesson-1\2022.09.12-Lesson-1.vcxproj", "{0B6A544C-3078-4F5A-B653-C0C19489FEC6}"
EndProject
Project("{8BC9CEB8-8B4A-11D0-8D11-00A0C91BC942}") = "Project1", "Project1\Project1.vcxproj", "{F46E7E91-1B6C-49E2-8574-37F6B967471C}"
EndProject
Project("{8BC9CEB8-8B4A-11D0-8D11-00A0C91BC942}") = "Project2", "Project2\Project2.vcxproj", "{AA4394CF-8197-49EC-B187-3BD059677153}"
EndProject
Project("{8BC9CEB8-8B4A-11D0-8D11-00A0C91BC942}") = "Task1", "Task1\Task1.vcxproj", "{8B1F00F8-35DA-493C-AFAD-A042FEC56678}"
EndProject
Project("{8BC9CEB8-8B4A-11D0-8D11-00A0C91BC942}") = "Task2", "Task2\Task2.vcxproj", "{AE99D866-B19B-4D57-97B0-84FE4558C023}"
EndProject
Project("{8BC9CEB8-8B4A-11D0-8D11-00A0C91BC942}") = "Task3", "Task3\Task3.vcxproj", "{7ED57D20-F0B2-4468-B26D-C4930315AA3C}"
EndProject
Project("{8BC9CEB8-8B4A-11D0-8D11-00A0C91BC942}") = "Task4", "Task4\Task4.vcxproj", "{DCF87D09-99FD-4EA0-B2DB-443306B6C405}"
EndProject
Project("{8BC9CEB8-8B4A-11D0-8D11-00A0C91BC942}") = "Task5", "Task5\Task5.vcxproj", "{F4C319B1-B372-480F-BF6D-B821EEA44783}"
EndProject
Project("{8BC9CEB8-8B4A-11D0-8D11-00A0C91BC942}") = "Task6", "Task6\Task6.vcxproj", "{96122770-BF8C-4551-BDA8-7002BCA4253D}"
EndProject
Project("{8BC9CEB8-8B4A-11D0-8D11-00A0C91BC942}") = "Task7", "Task7\Task7.vcxproj", "{7C6B6E5D-207D-4C33-A9F1-7E44BFB72BF7}"
EndProject
Project("{8BC9CEB8-8B4A-11D0-8D11-00A0C91BC942}") = "Task8", "Task8\Task8.vcxproj", "{0E8E3F20-7370-4849-8561-177B80AC14EF}"
EndProject
Project("{8BC9CEB8-8B4A-11D0-8D11-00A0C91BC942}") = "Task9", "Task9\Task9.vcxproj", "{FC2635C8-8389-49D5-828B-33ACAD305AF6}"
EndProject
Project("{8BC9CEB8-8B4A-11D0-8D11-00A0C91BC942}") = "Task10", "Task10\Task10.vcxproj", "{F172D3D0-5B72-4D0B-AB9B-7426EFC45325}"
EndProject
Global
	GlobalSection(SolutionConfigurationPlatforms) = preSolution
		Debug|x64 = Debug|x64
		Debug|x86 = Debug|x86
		Release|x64 = Release|x64
		Release|x86 = Release|x86
	EndGlobalSection
	GlobalSection(ProjectConfigurationPlatforms) = postSolution
		{0B6A544C-3078-4F5A-B653-C0C19489FEC6}.Debug|x64.ActiveCfg = Debug|x64
		{0B6A544C-3078-4F5A-B653-C0C19489FEC6}.Debug|x64.Build.0 = Debug|x64
		{0B6A544C-3078-4F5A-B653-C0C19489FEC6}.Debug|x86.ActiveCfg = Debug|Win32
		{0B6A544C-3078-4F5A-B653-C0C19489FEC6}.Debug|x86.Build.0 = Debug|Win32
		{0B6A544C-3078-4F5A-B653-C0C19489FEC6}.Release|x64.ActiveCfg = Release|x64
		{0B6A544C-3078-4F5A-B653-C0C19489FEC6}.Release|x64.Build.0 = Release|x64
		{0B6A544C-3078-4F5A-B653-C0C19489FEC6}.Release|x86.ActiveCfg = Release|Win32
		{0B6A544C-3078-4F5A-B653-C0C19489FEC6}.Release|x86.Build.0 = Release|Win32
		{F46E7E91-1B6C-49E2-8574-37F6B967471C}.Debug|x64.ActiveCfg = Debug|x64
		{F46E7E91-1B6C-49E2-8574-37F6B967471C}.Debug|x64.Build.0 = Debug|x64
		{F46E7E91-1B6C-49E2-8574-37F6B967471C}.Debug|x86.ActiveCfg = Debug|Win32
		{F46E7E91-1B6C-49E2-8574-37F6B967471C}.Debug|x86.Build.0 = Debug|Win32
		{F46E7E91-1B6C-49E2-8574-37F6B967471C}.Release|x64.ActiveCfg = Release|x64
		{F46E7E91-1B6C-49E2-8574-37F6B967471C}.Release|x64.Build.0 = Release|x64
		{F46E7E91-1B6C-49E2-8574-37F6B967471C}.Release|x86.ActiveCfg = Release|Win32
		{F46E7E91-1B6C-49E2-8574-37F6B967471C}.Release|x86.Build.0 = Release|Win32
		{AA4394CF-8197-49EC-B187-3BD059677153}.Debug|x64.ActiveCfg = Debug|x64
		{AA4394CF-8197-49EC-B187-3BD059677153}.Debug|x64.Build.0 = Debug|x64
		{AA4394CF-8197-49EC-B187-3BD059677153}.Debug|x86.ActiveCfg = Debug|Win32
		{AA4394CF-8197-49EC-B187-3BD059677153}.Debug|x86.Build.0 = Debug|Win32
		{AA4394CF-8197-49EC-B187-3BD059677153}.Release|x64.ActiveCfg = Release|x64
		{AA4394CF-8197-49EC-B187-3BD059677153}.Release|x64.Build.0 = Release|x64
		{AA4394CF-8197-49EC-B187-3BD059677153}.Release|x86.ActiveCfg = Release|Win32
		{AA4394CF-8197-49EC-B187-3BD059677153}.Release|x86.Build.0 = Release|Win32
		{8B1F00F8-35DA-493C-AFAD-A042FEC56678}.Debug|x64.ActiveCfg = Debug|x64
		{8B1F00F8-35DA-493C-AFAD-A042FEC56678}.Debug|x64.Build.0 = Debug|x64
		{8B1F00F8-35DA-493C-AFAD-A042FEC56678}.Debug|x86.ActiveCfg = Debug|Win32
		{8B1F00F8-35DA-493C-AFAD-A042FEC56678}.Debug|x86.Build.0 = Debug|Win32
		{8B1F00F8-35DA-493C-AFAD-A042FEC56678}.Release|x64.ActiveCfg = Release|x64
		{8B1F00F8-35DA-493C-AFAD-A042FEC56678}.Release|x64.Build.0 = Release|x64
		{8B1F00F8-35DA-493C-AFAD-A042FEC56678}.Release|x86.ActiveCfg = Release|Win32
		{8B1F00F8-35DA-493C-AFAD-A042FEC56678}.Release|x86.Build.0 = Release|Win32
		{AE99D866-B19B-4D57-97B0-84FE4558C023}.Debug|x64.ActiveCfg = Debug|x64
		{AE99D866-B19B-4D57-97B0-84FE4558C023}.Debug|x64.Build.0 = Debug|x64
		{AE99D866-B19B-4D57-97B0-84FE4558C023}.Debug|x86.ActiveCfg = Debug|Win32
		{AE99D866-B19B-4D57-97B0-84FE4558C023}.Debug|x86.Build.0 = Debug|Win32
		{AE99D866-B19B-4D57-97B0-84FE4558C023}.Release|x64.ActiveCfg = Release|x64
		{AE99D866-B19B-4D57-97B0-84FE4558C023}.Release|x64.Build.0 = Release|x64
		{AE99D866-B19B-4D57-97B0-84FE4558C023}.Release|x86.ActiveCfg = Release|Win32
		{AE99D866-B19B-4D57-97B0-84FE4558C023}.Release|x86.Build.0 = Release|Win32
		{7ED57D20-F0B2-4468-B26D-C4930315AA3C}.Debug|x64.ActiveCfg = Debug|x64
		{7ED57D20-F0B2-4468-B26D-C4930315AA3C}.Debug|x64.Build.0 = Debug|x64
		{7ED57D20-F0B2-4468-B26D-C4930315AA3C}.Debug|x86.ActiveCfg = Debug|Win32
		{7ED57D20-F0B2-4468-B26D-C4930315AA3C}.Debug|x86.Build.0 = Debug|Win32
		{7ED57D20-F0B2-4468-B26D-C4930315AA3C}.Release|x64.ActiveCfg = Release|x64
		{7ED57D20-F0B2-4468-B26D-C4930315AA3C}.Release|x64.Build.0 = Release|x64
		{7ED57D20-F0B2-4468-B26D-C4930315AA3C}.Release|x86.ActiveCfg = Release|Win32
		{7ED57D20-F0B2-4468-B26D-C4930315AA3C}.Release|x86.Build.0 = Release|Win32
		{DCF87D09-99FD-4EA0-B2DB-443306B6C405}.Debug|x64.ActiveCfg = Debug|x64
		{DCF87D09-99FD-4EA0-B2DB-443306B6C405}.Debug|x64.Build.0 = Debug|x64
		{DCF87D09-99FD-4EA0-B2DB-443306B6C405}.Debug|x86.ActiveCfg = Debug|Win32
		{DCF87D09-99FD-4EA0-B2DB-443306B6C405}.Debug|x86.Build.0 = Debug|Win32
		{DCF87D09-99FD-4EA0-B2DB-443306B6C405}.Release|x64.ActiveCfg = Release|x64
		{DCF87D09-99FD-4EA0-B2DB-443306B6C405}.Release|x64.Build.0 = Release|x64
		{DCF87D09-99FD-4EA0-B2DB-443306B6C405}.Release|x86.ActiveCfg = Release|Win32
		{DCF87D09-99FD-4EA0-B2DB-443306B6C405}.Release|x86.Build.0 = Release|Win32
		{F4C319B1-B372-480F-BF6D-B821EEA44783}.Debug|x64.ActiveCfg = Debug|x64
		{F4C319B1-B372-480F-BF6D-B821EEA44783}.Debug|x64.Build.0 = Debug|x64
		{F4C319B1-B372-480F-BF6D-B821EEA44783}.Debug|x86.ActiveCfg = Debug|Win32
		{F4C319B1-B372-480F-BF6D-B821EEA44783}.Debug|x86.Build.0 = Debug|Win32
		{F4C319B1-B372-480F-BF6D-B821EEA44783}.Release|x64.ActiveCfg = Release|x64
		{F4C319B1-B372-480F-BF6D-B821EEA44783}.Release|x64.Build.0 = Release|x64
		{F4C319B1-B372-480F-BF6D-B821EEA44783}.Release|x86.ActiveCfg = Release|Win32
		{F4C319B1-B372-480F-BF6D-B821EEA44783}.Release|x86.Build.0 = Release|Win32
		{96122770-BF8C-4551-BDA8-7002BCA4253D}.Debug|x64.ActiveCfg = Debug|x64
		{96122770-BF8C-4551-BDA8-7002BCA4253D}.Debug|x64.Build.0 = Debug|x64
		{96122770-BF8C-4551-BDA8-7002BCA4253D}.Debug|x86.ActiveCfg = Debug|Win32
		{96122770-BF8C-4551-BDA8-7002BCA4253D}.Debug|x86.Build.0 = Debug|Win32
		{96122770-BF8C-4551-BDA8-7002BCA4253D}.Release|x64.ActiveCfg = Release|x64
		{96122770-BF8C-4551-BDA8-7002BCA4253D}.Release|x64.Build.0 = Release|x64
		{96122770-BF8C-4551-BDA8-7002BCA4253D}.Release|x86.ActiveCfg = Release|Win32
		{96122770-BF8C-4551-BDA8-7002BCA4253D}.Release|x86.Build.0 = Release|Win32
		{7C6B6E5D-207D-4C33-A9F1-7E44BFB72BF7}.Debug|x64.ActiveCfg = Debug|x64
		{7C6B6E5D-207D-4C33-A9F1-7E44BFB72BF7}.Debug|x64.Build.0 = Debug|x64
		{7C6B6E5D-207D-4C33-A9F1-7E44BFB72BF7}.Debug|x86.ActiveCfg = Debug|Win32
		{7C6B6E5D-207D-4C33-A9F1-7E44BFB72BF7}.Debug|x86.Build.0 = Debug|Win32
		{7C6B6E5D-207D-4C33-A9F1-7E44BFB72BF7}.Release|x64.ActiveCfg = Release|x64
		{7C6B6E5D-207D-4C33-A9F1-7E44BFB72BF7}.Release|x64.Build.0 = Release|x64
		{7C6B6E5D-207D-4C33-A9F1-7E44BFB72BF7}.Release|x86.ActiveCfg = Release|Win32
		{7C6B6E5D-207D-4C33-A9F1-7E44BFB72BF7}.Release|x86.Build.0 = Release|Win32
		{0E8E3F20-7370-4849-8561-177B80AC14EF}.Debug|x64.ActiveCfg = Debug|x64
		{0E8E3F20-7370-4849-8561-177B80AC14EF}.Debug|x64.Build.0 = Debug|x64
		{0E8E3F20-7370-4849-8561-177B80AC14EF}.Debug|x86.ActiveCfg = Debug|Win32
		{0E8E3F20-7370-4849-8561-177B80AC14EF}.Debug|x86.Build.0 = Debug|Win32
		{0E8E3F20-7370-4849-8561-177B80AC14EF}.Release|x64.ActiveCfg = Release|x64
		{0E8E3F20-7370-4849-8561-177B80AC14EF}.Release|x64.Build.0 = Release|x64
		{0E8E3F20-7370-4849-8561-177B80AC14EF}.Release|x86.ActiveCfg = Release|Win32
		{0E8E3F20-7370-4849-8561-177B80AC14EF}.Release|x86.Build.0 = Release|Win32
		{FC2635C8-8389-49D5-828B-33ACAD305AF6}.Debug|x64.ActiveCfg = Debug|x64
		{FC2635C8-8389-49D5-828B-33ACAD305AF6}.Debug|x64.Build.0 = Debug|x64
		{FC2635C8-8389-49D5-828B-33ACAD305AF6}.Debug|x86.ActiveCfg = Debug|Win32
		{FC2635C8-8389-49D5-828B-33ACAD305AF6}.Debug|x86.Build.0 = Debug|Win32
		{FC2635C8-8389-49D5-828B-33ACAD305AF6}.Release|x64.ActiveCfg = Release|x64
		{FC2635C8-8389-49D5-828B-33ACAD305AF6}.Release|x64.Build.0 = Release|x64
		{FC2635C8-8389-49D5-828B-33ACAD305AF6}.Release|x86.ActiveCfg = Release|Win32
		{FC2635C8-8389-49D5-828B-33ACAD305AF6}.Release|x86.Build.0 = Release|Win32
		{F172D3D0-5B72-4D0B-AB9B-7426EFC45325}.Debug|x64.ActiveCfg = Debug|x64
		{F172D3D0-5B72-4D0B-AB9B-7426EFC45325}.Debug|x64.Build.0 = Debug|x64
		{F172D3D0-5B72-4D0B-AB9B-7426EFC45325}.Debug|x86.ActiveCfg = Debug|Win32
		{F172D3D0-5B72-4D0B-AB9B-7426EFC45325}.Debug|x86.Build.0 = Debug|Win32
		{F172D3D0-5B72-4D0B-AB9B-7426EFC45325}.Release|x64.ActiveCfg = Release|x64
		{F172D3D0-5B72-4D0B-AB9B-7426EFC45325}.Release|x64.Build.0 = Release|x64
		{F172D3D0-5B72-4D0B-AB9B-7426EFC45325}.Release|x86.ActiveCfg = Release|Win32
		{F172D3D0-5B72-4D0B-AB9B-7426EFC45325}.Release|x86.Build.0 = Release|Win32
	EndGlobalSection
	GlobalSection(SolutionProperties) = preSolution
		HideSolutionNode = FALSE
	EndGlobalSection
	GlobalSection(ExtensibilityGlobals) = postSolution
		SolutionGuid = {6D822208-0796-4BD8-AF2C-250C9EAA0892}
	EndGlobalSection
EndGlobal
