
Microsoft Visual Studio Solution File, Format Version 12.00
# Visual Studio Version 17
VisualStudioVersion = 17.3.32929.385
MinimumVisualStudioVersion = 10.0.40219.1
Project("{8BC9CEB8-8B4A-11D0-8D11-00A0C91BC942}") = "Task1", "Task1\Task1.vcxproj", "{87C617F6-455B-4C48-9C7C-CD092873DE4E}"
EndProject
Project("{8BC9CEB8-8B4A-11D0-8D11-00A0C91BC942}") = "Task2", "Task2\Task2.vcxproj", "{24A20D1E-10AB-4D6F-8CDC-E3FC7003D34F}"
EndProject
Project("{8BC9CEB8-8B4A-11D0-8D11-00A0C91BC942}") = "Task3", "Task3\Task3.vcxproj", "{3B26A3C1-2C2C-4B7E-B589-E366162851E3}"
EndProject
Project("{8BC9CEB8-8B4A-11D0-8D11-00A0C91BC942}") = "Task4", "Task4\Task4.vcxproj", "{E4B917AA-F0B7-41F9-90FB-98F1CF714BCF}"
EndProject
Project("{8BC9CEB8-8B4A-11D0-8D11-00A0C91BC942}") = "Task5", "Task5\Task5.vcxproj", "{716600A2-96AD-4218-9307-3EDB89C73365}"
EndProject
Project("{8BC9CEB8-8B4A-11D0-8D11-00A0C91BC942}") = "Task6", "Task6\Task6.vcxproj", "{C58069F2-A371-4D47-98F1-E33AD5A1E30F}"
EndProject
Project("{8BC9CEB8-8B4A-11D0-8D11-00A0C91BC942}") = "Task7", "Task7\Task7.vcxproj", "{40102F70-FCCE-43F1-A198-DE588B73835C}"
EndProject
Project("{8BC9CEB8-8B4A-11D0-8D11-00A0C91BC942}") = "Task8", "Task8\Task8.vcxproj", "{25DFE9D0-40B7-4C61-840F-A2C48113C083}"
EndProject
Project("{8BC9CEB8-8B4A-11D0-8D11-00A0C91BC942}") = "Task9", "Task9\Task9.vcxproj", "{9B1F8F1C-4F05-4854-AD8F-A00B6CBC92C3}"
EndProject
Project("{8BC9CEB8-8B4A-11D0-8D11-00A0C91BC942}") = "Task10", "Task10\Task10.vcxproj", "{9F7DBC46-4179-4F02-A47A-5E653F54F624}"
EndProject
Project("{8BC9CEB8-8B4A-11D0-8D11-00A0C91BC942}") = "Task-1", "Task-1\Task-1.vcxproj", "{1574CD3A-58A6-4E9E-92E2-49897B441686}"
EndProject
Global
	GlobalSection(SolutionConfigurationPlatforms) = preSolution
		Debug|x64 = Debug|x64
		Debug|x86 = Debug|x86
		Release|x64 = Release|x64
		Release|x86 = Release|x86
	EndGlobalSection
	GlobalSection(ProjectConfigurationPlatforms) = postSolution
		{87C617F6-455B-4C48-9C7C-CD092873DE4E}.Debug|x64.ActiveCfg = Debug|x64
		{87C617F6-455B-4C48-9C7C-CD092873DE4E}.Debug|x64.Build.0 = Debug|x64
		{87C617F6-455B-4C48-9C7C-CD092873DE4E}.Debug|x86.ActiveCfg = Debug|Win32
		{87C617F6-455B-4C48-9C7C-CD092873DE4E}.Debug|x86.Build.0 = Debug|Win32
		{87C617F6-455B-4C48-9C7C-CD092873DE4E}.Release|x64.ActiveCfg = Release|x64
		{87C617F6-455B-4C48-9C7C-CD092873DE4E}.Release|x64.Build.0 = Release|x64
		{87C617F6-455B-4C48-9C7C-CD092873DE4E}.Release|x86.ActiveCfg = Release|Win32
		{87C617F6-455B-4C48-9C7C-CD092873DE4E}.Release|x86.Build.0 = Release|Win32
		{24A20D1E-10AB-4D6F-8CDC-E3FC7003D34F}.Debug|x64.ActiveCfg = Debug|x64
		{24A20D1E-10AB-4D6F-8CDC-E3FC7003D34F}.Debug|x64.Build.0 = Debug|x64
		{24A20D1E-10AB-4D6F-8CDC-E3FC7003D34F}.Debug|x86.ActiveCfg = Debug|Win32
		{24A20D1E-10AB-4D6F-8CDC-E3FC7003D34F}.Debug|x86.Build.0 = Debug|Win32
		{24A20D1E-10AB-4D6F-8CDC-E3FC7003D34F}.Release|x64.ActiveCfg = Release|x64
		{24A20D1E-10AB-4D6F-8CDC-E3FC7003D34F}.Release|x64.Build.0 = Release|x64
		{24A20D1E-10AB-4D6F-8CDC-E3FC7003D34F}.Release|x86.ActiveCfg = Release|Win32
		{24A20D1E-10AB-4D6F-8CDC-E3FC7003D34F}.Release|x86.Build.0 = Release|Win32
		{3B26A3C1-2C2C-4B7E-B589-E366162851E3}.Debug|x64.ActiveCfg = Debug|x64
		{3B26A3C1-2C2C-4B7E-B589-E366162851E3}.Debug|x64.Build.0 = Debug|x64
		{3B26A3C1-2C2C-4B7E-B589-E366162851E3}.Debug|x86.ActiveCfg = Debug|Win32
		{3B26A3C1-2C2C-4B7E-B589-E366162851E3}.Debug|x86.Build.0 = Debug|Win32
		{3B26A3C1-2C2C-4B7E-B589-E366162851E3}.Release|x64.ActiveCfg = Release|x64
		{3B26A3C1-2C2C-4B7E-B589-E366162851E3}.Release|x64.Build.0 = Release|x64
		{3B26A3C1-2C2C-4B7E-B589-E366162851E3}.Release|x86.ActiveCfg = Release|Win32
		{3B26A3C1-2C2C-4B7E-B589-E366162851E3}.Release|x86.Build.0 = Release|Win32
		{E4B917AA-F0B7-41F9-90FB-98F1CF714BCF}.Debug|x64.ActiveCfg = Debug|x64
		{E4B917AA-F0B7-41F9-90FB-98F1CF714BCF}.Debug|x64.Build.0 = Debug|x64
		{E4B917AA-F0B7-41F9-90FB-98F1CF714BCF}.Debug|x86.ActiveCfg = Debug|Win32
		{E4B917AA-F0B7-41F9-90FB-98F1CF714BCF}.Debug|x86.Build.0 = Debug|Win32
		{E4B917AA-F0B7-41F9-90FB-98F1CF714BCF}.Release|x64.ActiveCfg = Release|x64
		{E4B917AA-F0B7-41F9-90FB-98F1CF714BCF}.Release|x64.Build.0 = Release|x64
		{E4B917AA-F0B7-41F9-90FB-98F1CF714BCF}.Release|x86.ActiveCfg = Release|Win32
		{E4B917AA-F0B7-41F9-90FB-98F1CF714BCF}.Release|x86.Build.0 = Release|Win32
		{716600A2-96AD-4218-9307-3EDB89C73365}.Debug|x64.ActiveCfg = Debug|x64
		{716600A2-96AD-4218-9307-3EDB89C73365}.Debug|x64.Build.0 = Debug|x64
		{716600A2-96AD-4218-9307-3EDB89C73365}.Debug|x86.ActiveCfg = Debug|Win32
		{716600A2-96AD-4218-9307-3EDB89C73365}.Debug|x86.Build.0 = Debug|Win32
		{716600A2-96AD-4218-9307-3EDB89C73365}.Release|x64.ActiveCfg = Release|x64
		{716600A2-96AD-4218-9307-3EDB89C73365}.Release|x64.Build.0 = Release|x64
		{716600A2-96AD-4218-9307-3EDB89C73365}.Release|x86.ActiveCfg = Release|Win32
		{716600A2-96AD-4218-9307-3EDB89C73365}.Release|x86.Build.0 = Release|Win32
		{C58069F2-A371-4D47-98F1-E33AD5A1E30F}.Debug|x64.ActiveCfg = Debug|x64
		{C58069F2-A371-4D47-98F1-E33AD5A1E30F}.Debug|x64.Build.0 = Debug|x64
		{C58069F2-A371-4D47-98F1-E33AD5A1E30F}.Debug|x86.ActiveCfg = Debug|Win32
		{C58069F2-A371-4D47-98F1-E33AD5A1E30F}.Debug|x86.Build.0 = Debug|Win32
		{C58069F2-A371-4D47-98F1-E33AD5A1E30F}.Release|x64.ActiveCfg = Release|x64
		{C58069F2-A371-4D47-98F1-E33AD5A1E30F}.Release|x64.Build.0 = Release|x64
		{C58069F2-A371-4D47-98F1-E33AD5A1E30F}.Release|x86.ActiveCfg = Release|Win32
		{C58069F2-A371-4D47-98F1-E33AD5A1E30F}.Release|x86.Build.0 = Release|Win32
		{40102F70-FCCE-43F1-A198-DE588B73835C}.Debug|x64.ActiveCfg = Debug|x64
		{40102F70-FCCE-43F1-A198-DE588B73835C}.Debug|x64.Build.0 = Debug|x64
		{40102F70-FCCE-43F1-A198-DE588B73835C}.Debug|x86.ActiveCfg = Debug|Win32
		{40102F70-FCCE-43F1-A198-DE588B73835C}.Debug|x86.Build.0 = Debug|Win32
		{40102F70-FCCE-43F1-A198-DE588B73835C}.Release|x64.ActiveCfg = Release|x64
		{40102F70-FCCE-43F1-A198-DE588B73835C}.Release|x64.Build.0 = Release|x64
		{40102F70-FCCE-43F1-A198-DE588B73835C}.Release|x86.ActiveCfg = Release|Win32
		{40102F70-FCCE-43F1-A198-DE588B73835C}.Release|x86.Build.0 = Release|Win32
		{25DFE9D0-40B7-4C61-840F-A2C48113C083}.Debug|x64.ActiveCfg = Debug|x64
		{25DFE9D0-40B7-4C61-840F-A2C48113C083}.Debug|x64.Build.0 = Debug|x64
		{25DFE9D0-40B7-4C61-840F-A2C48113C083}.Debug|x86.ActiveCfg = Debug|Win32
		{25DFE9D0-40B7-4C61-840F-A2C48113C083}.Debug|x86.Build.0 = Debug|Win32
		{25DFE9D0-40B7-4C61-840F-A2C48113C083}.Release|x64.ActiveCfg = Release|x64
		{25DFE9D0-40B7-4C61-840F-A2C48113C083}.Release|x64.Build.0 = Release|x64
		{25DFE9D0-40B7-4C61-840F-A2C48113C083}.Release|x86.ActiveCfg = Release|Win32
		{25DFE9D0-40B7-4C61-840F-A2C48113C083}.Release|x86.Build.0 = Release|Win32
		{9B1F8F1C-4F05-4854-AD8F-A00B6CBC92C3}.Debug|x64.ActiveCfg = Debug|x64
		{9B1F8F1C-4F05-4854-AD8F-A00B6CBC92C3}.Debug|x64.Build.0 = Debug|x64
		{9B1F8F1C-4F05-4854-AD8F-A00B6CBC92C3}.Debug|x86.ActiveCfg = Debug|Win32
		{9B1F8F1C-4F05-4854-AD8F-A00B6CBC92C3}.Debug|x86.Build.0 = Debug|Win32
		{9B1F8F1C-4F05-4854-AD8F-A00B6CBC92C3}.Release|x64.ActiveCfg = Release|x64
		{9B1F8F1C-4F05-4854-AD8F-A00B6CBC92C3}.Release|x64.Build.0 = Release|x64
		{9B1F8F1C-4F05-4854-AD8F-A00B6CBC92C3}.Release|x86.ActiveCfg = Release|Win32
		{9B1F8F1C-4F05-4854-AD8F-A00B6CBC92C3}.Release|x86.Build.0 = Release|Win32
		{9F7DBC46-4179-4F02-A47A-5E653F54F624}.Debug|x64.ActiveCfg = Debug|x64
		{9F7DBC46-4179-4F02-A47A-5E653F54F624}.Debug|x64.Build.0 = Debug|x64
		{9F7DBC46-4179-4F02-A47A-5E653F54F624}.Debug|x86.ActiveCfg = Debug|Win32
		{9F7DBC46-4179-4F02-A47A-5E653F54F624}.Debug|x86.Build.0 = Debug|Win32
		{9F7DBC46-4179-4F02-A47A-5E653F54F624}.Release|x64.ActiveCfg = Release|x64
		{9F7DBC46-4179-4F02-A47A-5E653F54F624}.Release|x64.Build.0 = Release|x64
		{9F7DBC46-4179-4F02-A47A-5E653F54F624}.Release|x86.ActiveCfg = Release|Win32
		{9F7DBC46-4179-4F02-A47A-5E653F54F624}.Release|x86.Build.0 = Release|Win32
		{1574CD3A-58A6-4E9E-92E2-49897B441686}.Debug|x64.ActiveCfg = Debug|x64
		{1574CD3A-58A6-4E9E-92E2-49897B441686}.Debug|x64.Build.0 = Debug|x64
		{1574CD3A-58A6-4E9E-92E2-49897B441686}.Debug|x86.ActiveCfg = Debug|Win32
		{1574CD3A-58A6-4E9E-92E2-49897B441686}.Debug|x86.Build.0 = Debug|Win32
		{1574CD3A-58A6-4E9E-92E2-49897B441686}.Release|x64.ActiveCfg = Release|x64
		{1574CD3A-58A6-4E9E-92E2-49897B441686}.Release|x64.Build.0 = Release|x64
		{1574CD3A-58A6-4E9E-92E2-49897B441686}.Release|x86.ActiveCfg = Release|Win32
		{1574CD3A-58A6-4E9E-92E2-49897B441686}.Release|x86.Build.0 = Release|Win32
	EndGlobalSection
	GlobalSection(SolutionProperties) = preSolution
		HideSolutionNode = FALSE
	EndGlobalSection
	GlobalSection(ExtensibilityGlobals) = postSolution
		SolutionGuid = {C1B5AE21-69FD-4F53-9B61-C29434EA1847}
	EndGlobalSection
EndGlobal
