
Microsoft Visual Studio Solution File, Format Version 12.00
# Visual Studio Version 17
VisualStudioVersion = 17.3.32825.248
MinimumVisualStudioVersion = 10.0.40219.1
Project("{8BC9CEB8-8B4A-11D0-8D11-00A0C91BC942}") = "Task1", "Task1\Task1.vcxproj", "{B46A2AA0-300C-478F-854D-20A22600B17E}"
EndProject
Project("{8BC9CEB8-8B4A-11D0-8D11-00A0C91BC942}") = "Task2", "Task2\Task2.vcxproj", "{9C178B1C-079F-434A-92E4-C3B7655A228A}"
EndProject
Project("{8BC9CEB8-8B4A-11D0-8D11-00A0C91BC942}") = "Task3", "Task3\Task3.vcxproj", "{31899B59-3B2C-4DB3-BA2B-E22A5BE017CE}"
EndProject
Project("{8BC9CEB8-8B4A-11D0-8D11-00A0C91BC942}") = "Task4", "Task4\Task4.vcxproj", "{5D70AA1D-1065-4B35-8372-C33CDDC5CD0A}"
EndProject
Project("{8BC9CEB8-8B4A-11D0-8D11-00A0C91BC942}") = "Task5", "Task5\Task5.vcxproj", "{6A482090-8BD7-44F3-A7BD-BCFDA8385BDE}"
EndProject
Project("{8BC9CEB8-8B4A-11D0-8D11-00A0C91BC942}") = "Task6", "Task6\Task6.vcxproj", "{5961159F-873B-4261-81E4-3FEE183EC45A}"
EndProject
Project("{8BC9CEB8-8B4A-11D0-8D11-00A0C91BC942}") = "Task7", "Task7\Task7.vcxproj", "{1829D69D-934B-4E8E-8581-6DDB487FA71A}"
EndProject
Project("{8BC9CEB8-8B4A-11D0-8D11-00A0C91BC942}") = "Task8", "Task8\Task8.vcxproj", "{11E26302-C39D-4D97-BA4B-9203783D330A}"
EndProject
Project("{8BC9CEB8-8B4A-11D0-8D11-00A0C91BC942}") = "Task9", "Task9\Task9.vcxproj", "{9C4A89FC-F438-4825-A7A5-D3B1399EE22D}"
EndProject
Project("{8BC9CEB8-8B4A-11D0-8D11-00A0C91BC942}") = "Task10", "Task10\Task10.vcxproj", "{F68ACAE3-52E0-4E9A-B9E4-A78AAB61D51A}"
EndProject
Global
	GlobalSection(SolutionConfigurationPlatforms) = preSolution
		Debug|x64 = Debug|x64
		Debug|x86 = Debug|x86
		Release|x64 = Release|x64
		Release|x86 = Release|x86
	EndGlobalSection
	GlobalSection(ProjectConfigurationPlatforms) = postSolution
		{B46A2AA0-300C-478F-854D-20A22600B17E}.Debug|x64.ActiveCfg = Debug|x64
		{B46A2AA0-300C-478F-854D-20A22600B17E}.Debug|x64.Build.0 = Debug|x64
		{B46A2AA0-300C-478F-854D-20A22600B17E}.Debug|x86.ActiveCfg = Debug|Win32
		{B46A2AA0-300C-478F-854D-20A22600B17E}.Debug|x86.Build.0 = Debug|Win32
		{B46A2AA0-300C-478F-854D-20A22600B17E}.Release|x64.ActiveCfg = Release|x64
		{B46A2AA0-300C-478F-854D-20A22600B17E}.Release|x64.Build.0 = Release|x64
		{B46A2AA0-300C-478F-854D-20A22600B17E}.Release|x86.ActiveCfg = Release|Win32
		{B46A2AA0-300C-478F-854D-20A22600B17E}.Release|x86.Build.0 = Release|Win32
		{9C178B1C-079F-434A-92E4-C3B7655A228A}.Debug|x64.ActiveCfg = Debug|x64
		{9C178B1C-079F-434A-92E4-C3B7655A228A}.Debug|x64.Build.0 = Debug|x64
		{9C178B1C-079F-434A-92E4-C3B7655A228A}.Debug|x86.ActiveCfg = Debug|Win32
		{9C178B1C-079F-434A-92E4-C3B7655A228A}.Debug|x86.Build.0 = Debug|Win32
		{9C178B1C-079F-434A-92E4-C3B7655A228A}.Release|x64.ActiveCfg = Release|x64
		{9C178B1C-079F-434A-92E4-C3B7655A228A}.Release|x64.Build.0 = Release|x64
		{9C178B1C-079F-434A-92E4-C3B7655A228A}.Release|x86.ActiveCfg = Release|Win32
		{9C178B1C-079F-434A-92E4-C3B7655A228A}.Release|x86.Build.0 = Release|Win32
		{31899B59-3B2C-4DB3-BA2B-E22A5BE017CE}.Debug|x64.ActiveCfg = Debug|x64
		{31899B59-3B2C-4DB3-BA2B-E22A5BE017CE}.Debug|x64.Build.0 = Debug|x64
		{31899B59-3B2C-4DB3-BA2B-E22A5BE017CE}.Debug|x86.ActiveCfg = Debug|Win32
		{31899B59-3B2C-4DB3-BA2B-E22A5BE017CE}.Debug|x86.Build.0 = Debug|Win32
		{31899B59-3B2C-4DB3-BA2B-E22A5BE017CE}.Release|x64.ActiveCfg = Release|x64
		{31899B59-3B2C-4DB3-BA2B-E22A5BE017CE}.Release|x64.Build.0 = Release|x64
		{31899B59-3B2C-4DB3-BA2B-E22A5BE017CE}.Release|x86.ActiveCfg = Release|Win32
		{31899B59-3B2C-4DB3-BA2B-E22A5BE017CE}.Release|x86.Build.0 = Release|Win32
		{5D70AA1D-1065-4B35-8372-C33CDDC5CD0A}.Debug|x64.ActiveCfg = Debug|x64
		{5D70AA1D-1065-4B35-8372-C33CDDC5CD0A}.Debug|x64.Build.0 = Debug|x64
		{5D70AA1D-1065-4B35-8372-C33CDDC5CD0A}.Debug|x86.ActiveCfg = Debug|Win32
		{5D70AA1D-1065-4B35-8372-C33CDDC5CD0A}.Debug|x86.Build.0 = Debug|Win32
		{5D70AA1D-1065-4B35-8372-C33CDDC5CD0A}.Release|x64.ActiveCfg = Release|x64
		{5D70AA1D-1065-4B35-8372-C33CDDC5CD0A}.Release|x64.Build.0 = Release|x64
		{5D70AA1D-1065-4B35-8372-C33CDDC5CD0A}.Release|x86.ActiveCfg = Release|Win32
		{5D70AA1D-1065-4B35-8372-C33CDDC5CD0A}.Release|x86.Build.0 = Release|Win32
		{6A482090-8BD7-44F3-A7BD-BCFDA8385BDE}.Debug|x64.ActiveCfg = Debug|x64
		{6A482090-8BD7-44F3-A7BD-BCFDA8385BDE}.Debug|x64.Build.0 = Debug|x64
		{6A482090-8BD7-44F3-A7BD-BCFDA8385BDE}.Debug|x86.ActiveCfg = Debug|Win32
		{6A482090-8BD7-44F3-A7BD-BCFDA8385BDE}.Debug|x86.Build.0 = Debug|Win32
		{6A482090-8BD7-44F3-A7BD-BCFDA8385BDE}.Release|x64.ActiveCfg = Release|x64
		{6A482090-8BD7-44F3-A7BD-BCFDA8385BDE}.Release|x64.Build.0 = Release|x64
		{6A482090-8BD7-44F3-A7BD-BCFDA8385BDE}.Release|x86.ActiveCfg = Release|Win32
		{6A482090-8BD7-44F3-A7BD-BCFDA8385BDE}.Release|x86.Build.0 = Release|Win32
		{5961159F-873B-4261-81E4-3FEE183EC45A}.Debug|x64.ActiveCfg = Debug|x64
		{5961159F-873B-4261-81E4-3FEE183EC45A}.Debug|x64.Build.0 = Debug|x64
		{5961159F-873B-4261-81E4-3FEE183EC45A}.Debug|x86.ActiveCfg = Debug|Win32
		{5961159F-873B-4261-81E4-3FEE183EC45A}.Debug|x86.Build.0 = Debug|Win32
		{5961159F-873B-4261-81E4-3FEE183EC45A}.Release|x64.ActiveCfg = Release|x64
		{5961159F-873B-4261-81E4-3FEE183EC45A}.Release|x64.Build.0 = Release|x64
		{5961159F-873B-4261-81E4-3FEE183EC45A}.Release|x86.ActiveCfg = Release|Win32
		{5961159F-873B-4261-81E4-3FEE183EC45A}.Release|x86.Build.0 = Release|Win32
		{1829D69D-934B-4E8E-8581-6DDB487FA71A}.Debug|x64.ActiveCfg = Debug|x64
		{1829D69D-934B-4E8E-8581-6DDB487FA71A}.Debug|x64.Build.0 = Debug|x64
		{1829D69D-934B-4E8E-8581-6DDB487FA71A}.Debug|x86.ActiveCfg = Debug|Win32
		{1829D69D-934B-4E8E-8581-6DDB487FA71A}.Debug|x86.Build.0 = Debug|Win32
		{1829D69D-934B-4E8E-8581-6DDB487FA71A}.Release|x64.ActiveCfg = Release|x64
		{1829D69D-934B-4E8E-8581-6DDB487FA71A}.Release|x64.Build.0 = Release|x64
		{1829D69D-934B-4E8E-8581-6DDB487FA71A}.Release|x86.ActiveCfg = Release|Win32
		{1829D69D-934B-4E8E-8581-6DDB487FA71A}.Release|x86.Build.0 = Release|Win32
		{11E26302-C39D-4D97-BA4B-9203783D330A}.Debug|x64.ActiveCfg = Debug|x64
		{11E26302-C39D-4D97-BA4B-9203783D330A}.Debug|x64.Build.0 = Debug|x64
		{11E26302-C39D-4D97-BA4B-9203783D330A}.Debug|x86.ActiveCfg = Debug|Win32
		{11E26302-C39D-4D97-BA4B-9203783D330A}.Debug|x86.Build.0 = Debug|Win32
		{11E26302-C39D-4D97-BA4B-9203783D330A}.Release|x64.ActiveCfg = Release|x64
		{11E26302-C39D-4D97-BA4B-9203783D330A}.Release|x64.Build.0 = Release|x64
		{11E26302-C39D-4D97-BA4B-9203783D330A}.Release|x86.ActiveCfg = Release|Win32
		{11E26302-C39D-4D97-BA4B-9203783D330A}.Release|x86.Build.0 = Release|Win32
		{9C4A89FC-F438-4825-A7A5-D3B1399EE22D}.Debug|x64.ActiveCfg = Debug|x64
		{9C4A89FC-F438-4825-A7A5-D3B1399EE22D}.Debug|x64.Build.0 = Debug|x64
		{9C4A89FC-F438-4825-A7A5-D3B1399EE22D}.Debug|x86.ActiveCfg = Debug|Win32
		{9C4A89FC-F438-4825-A7A5-D3B1399EE22D}.Debug|x86.Build.0 = Debug|Win32
		{9C4A89FC-F438-4825-A7A5-D3B1399EE22D}.Release|x64.ActiveCfg = Release|x64
		{9C4A89FC-F438-4825-A7A5-D3B1399EE22D}.Release|x64.Build.0 = Release|x64
		{9C4A89FC-F438-4825-A7A5-D3B1399EE22D}.Release|x86.ActiveCfg = Release|Win32
		{9C4A89FC-F438-4825-A7A5-D3B1399EE22D}.Release|x86.Build.0 = Release|Win32
		{F68ACAE3-52E0-4E9A-B9E4-A78AAB61D51A}.Debug|x64.ActiveCfg = Debug|x64
		{F68ACAE3-52E0-4E9A-B9E4-A78AAB61D51A}.Debug|x64.Build.0 = Debug|x64
		{F68ACAE3-52E0-4E9A-B9E4-A78AAB61D51A}.Debug|x86.ActiveCfg = Debug|Win32
		{F68ACAE3-52E0-4E9A-B9E4-A78AAB61D51A}.Debug|x86.Build.0 = Debug|Win32
		{F68ACAE3-52E0-4E9A-B9E4-A78AAB61D51A}.Release|x64.ActiveCfg = Release|x64
		{F68ACAE3-52E0-4E9A-B9E4-A78AAB61D51A}.Release|x64.Build.0 = Release|x64
		{F68ACAE3-52E0-4E9A-B9E4-A78AAB61D51A}.Release|x86.ActiveCfg = Release|Win32
		{F68ACAE3-52E0-4E9A-B9E4-A78AAB61D51A}.Release|x86.Build.0 = Release|Win32
	EndGlobalSection
	GlobalSection(SolutionProperties) = preSolution
		HideSolutionNode = FALSE
	EndGlobalSection
	GlobalSection(ExtensibilityGlobals) = postSolution
		SolutionGuid = {F51F6082-5781-4114-849C-5EECDB77BD67}
	EndGlobalSection
EndGlobal
