
Microsoft Visual Studio Solution File, Format Version 12.00
# Visual Studio Version 17
VisualStudioVersion = 17.4.33122.133
MinimumVisualStudioVersion = 10.0.40219.1
Project("{8BC9CEB8-8B4A-11D0-8D11-00A0C91BC942}") = "Task1", "Task1\Task1.vcxproj", "{A12CF7AB-5AD0-4EED-AB42-77A51216E6AC}"
EndProject
Project("{8BC9CEB8-8B4A-11D0-8D11-00A0C91BC942}") = "Task2", "Task2\Task2.vcxproj", "{EEBAF826-95FC-4F88-B6A5-6A526D700F34}"
EndProject
Project("{8BC9CEB8-8B4A-11D0-8D11-00A0C91BC942}") = "Task3", "Task3\Task3.vcxproj", "{7F83443A-396A-476F-8882-5C1B35BF79CF}"
EndProject
Project("{8BC9CEB8-8B4A-11D0-8D11-00A0C91BC942}") = "Task4", "Task4\Task4.vcxproj", "{5DA3DFEF-856E-4749-92B7-B52A87A88411}"
EndProject
Project("{8BC9CEB8-8B4A-11D0-8D11-00A0C91BC942}") = "Task5", "Task5\Task5.vcxproj", "{44D192DA-EA84-4D36-A789-62010786C587}"
EndProject
Project("{8BC9CEB8-8B4A-11D0-8D11-00A0C91BC942}") = "Task6", "Task6\Task6.vcxproj", "{5E5F8635-B0E4-4C10-9C9D-4D569392C420}"
EndProject
Project("{8BC9CEB8-8B4A-11D0-8D11-00A0C91BC942}") = "Task7", "Task7\Task7.vcxproj", "{E92225ED-7CE0-4CB8-B619-0913C2DBCF3C}"
EndProject
Project("{8BC9CEB8-8B4A-11D0-8D11-00A0C91BC942}") = "Task8", "Task8\Task8.vcxproj", "{D0E8C6A1-B3F5-4F9E-B336-B67AFA1C056F}"
EndProject
Project("{8BC9CEB8-8B4A-11D0-8D11-00A0C91BC942}") = "Task9", "Task9\Task9.vcxproj", "{4CF62ABF-8E0C-439D-AFCA-5BAE08ABE72F}"
EndProject
Project("{8BC9CEB8-8B4A-11D0-8D11-00A0C91BC942}") = "Task10", "Task10\Task10.vcxproj", "{D0435802-5C2D-4FC7-ACB4-C6C08DD857E7}"
EndProject
Global
	GlobalSection(SolutionConfigurationPlatforms) = preSolution
		Debug|x64 = Debug|x64
		Debug|x86 = Debug|x86
		Release|x64 = Release|x64
		Release|x86 = Release|x86
	EndGlobalSection
	GlobalSection(ProjectConfigurationPlatforms) = postSolution
		{A12CF7AB-5AD0-4EED-AB42-77A51216E6AC}.Debug|x64.ActiveCfg = Debug|x64
		{A12CF7AB-5AD0-4EED-AB42-77A51216E6AC}.Debug|x64.Build.0 = Debug|x64
		{A12CF7AB-5AD0-4EED-AB42-77A51216E6AC}.Debug|x86.ActiveCfg = Debug|Win32
		{A12CF7AB-5AD0-4EED-AB42-77A51216E6AC}.Debug|x86.Build.0 = Debug|Win32
		{A12CF7AB-5AD0-4EED-AB42-77A51216E6AC}.Release|x64.ActiveCfg = Release|x64
		{A12CF7AB-5AD0-4EED-AB42-77A51216E6AC}.Release|x64.Build.0 = Release|x64
		{A12CF7AB-5AD0-4EED-AB42-77A51216E6AC}.Release|x86.ActiveCfg = Release|Win32
		{A12CF7AB-5AD0-4EED-AB42-77A51216E6AC}.Release|x86.Build.0 = Release|Win32
		{EEBAF826-95FC-4F88-B6A5-6A526D700F34}.Debug|x64.ActiveCfg = Debug|x64
		{EEBAF826-95FC-4F88-B6A5-6A526D700F34}.Debug|x64.Build.0 = Debug|x64
		{EEBAF826-95FC-4F88-B6A5-6A526D700F34}.Debug|x86.ActiveCfg = Debug|Win32
		{EEBAF826-95FC-4F88-B6A5-6A526D700F34}.Debug|x86.Build.0 = Debug|Win32
		{EEBAF826-95FC-4F88-B6A5-6A526D700F34}.Release|x64.ActiveCfg = Release|x64
		{EEBAF826-95FC-4F88-B6A5-6A526D700F34}.Release|x64.Build.0 = Release|x64
		{EEBAF826-95FC-4F88-B6A5-6A526D700F34}.Release|x86.ActiveCfg = Release|Win32
		{EEBAF826-95FC-4F88-B6A5-6A526D700F34}.Release|x86.Build.0 = Release|Win32
		{7F83443A-396A-476F-8882-5C1B35BF79CF}.Debug|x64.ActiveCfg = Debug|x64
		{7F83443A-396A-476F-8882-5C1B35BF79CF}.Debug|x64.Build.0 = Debug|x64
		{7F83443A-396A-476F-8882-5C1B35BF79CF}.Debug|x86.ActiveCfg = Debug|Win32
		{7F83443A-396A-476F-8882-5C1B35BF79CF}.Debug|x86.Build.0 = Debug|Win32
		{7F83443A-396A-476F-8882-5C1B35BF79CF}.Release|x64.ActiveCfg = Release|x64
		{7F83443A-396A-476F-8882-5C1B35BF79CF}.Release|x64.Build.0 = Release|x64
		{7F83443A-396A-476F-8882-5C1B35BF79CF}.Release|x86.ActiveCfg = Release|Win32
		{7F83443A-396A-476F-8882-5C1B35BF79CF}.Release|x86.Build.0 = Release|Win32
		{5DA3DFEF-856E-4749-92B7-B52A87A88411}.Debug|x64.ActiveCfg = Debug|x64
		{5DA3DFEF-856E-4749-92B7-B52A87A88411}.Debug|x64.Build.0 = Debug|x64
		{5DA3DFEF-856E-4749-92B7-B52A87A88411}.Debug|x86.ActiveCfg = Debug|Win32
		{5DA3DFEF-856E-4749-92B7-B52A87A88411}.Debug|x86.Build.0 = Debug|Win32
		{5DA3DFEF-856E-4749-92B7-B52A87A88411}.Release|x64.ActiveCfg = Release|x64
		{5DA3DFEF-856E-4749-92B7-B52A87A88411}.Release|x64.Build.0 = Release|x64
		{5DA3DFEF-856E-4749-92B7-B52A87A88411}.Release|x86.ActiveCfg = Release|Win32
		{5DA3DFEF-856E-4749-92B7-B52A87A88411}.Release|x86.Build.0 = Release|Win32
		{44D192DA-EA84-4D36-A789-62010786C587}.Debug|x64.ActiveCfg = Debug|x64
		{44D192DA-EA84-4D36-A789-62010786C587}.Debug|x64.Build.0 = Debug|x64
		{44D192DA-EA84-4D36-A789-62010786C587}.Debug|x86.ActiveCfg = Debug|Win32
		{44D192DA-EA84-4D36-A789-62010786C587}.Debug|x86.Build.0 = Debug|Win32
		{44D192DA-EA84-4D36-A789-62010786C587}.Release|x64.ActiveCfg = Release|x64
		{44D192DA-EA84-4D36-A789-62010786C587}.Release|x64.Build.0 = Release|x64
		{44D192DA-EA84-4D36-A789-62010786C587}.Release|x86.ActiveCfg = Release|Win32
		{44D192DA-EA84-4D36-A789-62010786C587}.Release|x86.Build.0 = Release|Win32
		{5E5F8635-B0E4-4C10-9C9D-4D569392C420}.Debug|x64.ActiveCfg = Debug|x64
		{5E5F8635-B0E4-4C10-9C9D-4D569392C420}.Debug|x64.Build.0 = Debug|x64
		{5E5F8635-B0E4-4C10-9C9D-4D569392C420}.Debug|x86.ActiveCfg = Debug|Win32
		{5E5F8635-B0E4-4C10-9C9D-4D569392C420}.Debug|x86.Build.0 = Debug|Win32
		{5E5F8635-B0E4-4C10-9C9D-4D569392C420}.Release|x64.ActiveCfg = Release|x64
		{5E5F8635-B0E4-4C10-9C9D-4D569392C420}.Release|x64.Build.0 = Release|x64
		{5E5F8635-B0E4-4C10-9C9D-4D569392C420}.Release|x86.ActiveCfg = Release|Win32
		{5E5F8635-B0E4-4C10-9C9D-4D569392C420}.Release|x86.Build.0 = Release|Win32
		{E92225ED-7CE0-4CB8-B619-0913C2DBCF3C}.Debug|x64.ActiveCfg = Debug|x64
		{E92225ED-7CE0-4CB8-B619-0913C2DBCF3C}.Debug|x64.Build.0 = Debug|x64
		{E92225ED-7CE0-4CB8-B619-0913C2DBCF3C}.Debug|x86.ActiveCfg = Debug|Win32
		{E92225ED-7CE0-4CB8-B619-0913C2DBCF3C}.Debug|x86.Build.0 = Debug|Win32
		{E92225ED-7CE0-4CB8-B619-0913C2DBCF3C}.Release|x64.ActiveCfg = Release|x64
		{E92225ED-7CE0-4CB8-B619-0913C2DBCF3C}.Release|x64.Build.0 = Release|x64
		{E92225ED-7CE0-4CB8-B619-0913C2DBCF3C}.Release|x86.ActiveCfg = Release|Win32
		{E92225ED-7CE0-4CB8-B619-0913C2DBCF3C}.Release|x86.Build.0 = Release|Win32
		{D0E8C6A1-B3F5-4F9E-B336-B67AFA1C056F}.Debug|x64.ActiveCfg = Debug|x64
		{D0E8C6A1-B3F5-4F9E-B336-B67AFA1C056F}.Debug|x64.Build.0 = Debug|x64
		{D0E8C6A1-B3F5-4F9E-B336-B67AFA1C056F}.Debug|x86.ActiveCfg = Debug|Win32
		{D0E8C6A1-B3F5-4F9E-B336-B67AFA1C056F}.Debug|x86.Build.0 = Debug|Win32
		{D0E8C6A1-B3F5-4F9E-B336-B67AFA1C056F}.Release|x64.ActiveCfg = Release|x64
		{D0E8C6A1-B3F5-4F9E-B336-B67AFA1C056F}.Release|x64.Build.0 = Release|x64
		{D0E8C6A1-B3F5-4F9E-B336-B67AFA1C056F}.Release|x86.ActiveCfg = Release|Win32
		{D0E8C6A1-B3F5-4F9E-B336-B67AFA1C056F}.Release|x86.Build.0 = Release|Win32
		{4CF62ABF-8E0C-439D-AFCA-5BAE08ABE72F}.Debug|x64.ActiveCfg = Debug|x64
		{4CF62ABF-8E0C-439D-AFCA-5BAE08ABE72F}.Debug|x64.Build.0 = Debug|x64
		{4CF62ABF-8E0C-439D-AFCA-5BAE08ABE72F}.Debug|x86.ActiveCfg = Debug|Win32
		{4CF62ABF-8E0C-439D-AFCA-5BAE08ABE72F}.Debug|x86.Build.0 = Debug|Win32
		{4CF62ABF-8E0C-439D-AFCA-5BAE08ABE72F}.Release|x64.ActiveCfg = Release|x64
		{4CF62ABF-8E0C-439D-AFCA-5BAE08ABE72F}.Release|x64.Build.0 = Release|x64
		{4CF62ABF-8E0C-439D-AFCA-5BAE08ABE72F}.Release|x86.ActiveCfg = Release|Win32
		{4CF62ABF-8E0C-439D-AFCA-5BAE08ABE72F}.Release|x86.Build.0 = Release|Win32
		{D0435802-5C2D-4FC7-ACB4-C6C08DD857E7}.Debug|x64.ActiveCfg = Debug|x64
		{D0435802-5C2D-4FC7-ACB4-C6C08DD857E7}.Debug|x64.Build.0 = Debug|x64
		{D0435802-5C2D-4FC7-ACB4-C6C08DD857E7}.Debug|x86.ActiveCfg = Debug|Win32
		{D0435802-5C2D-4FC7-ACB4-C6C08DD857E7}.Debug|x86.Build.0 = Debug|Win32
		{D0435802-5C2D-4FC7-ACB4-C6C08DD857E7}.Release|x64.ActiveCfg = Release|x64
		{D0435802-5C2D-4FC7-ACB4-C6C08DD857E7}.Release|x64.Build.0 = Release|x64
		{D0435802-5C2D-4FC7-ACB4-C6C08DD857E7}.Release|x86.ActiveCfg = Release|Win32
		{D0435802-5C2D-4FC7-ACB4-C6C08DD857E7}.Release|x86.Build.0 = Release|Win32
	EndGlobalSection
	GlobalSection(SolutionProperties) = preSolution
		HideSolutionNode = FALSE
	EndGlobalSection
	GlobalSection(ExtensibilityGlobals) = postSolution
		SolutionGuid = {22234044-53F3-4EF0-8FA2-996E933B8DC3}
	EndGlobalSection
EndGlobal
